// !$*UTF8*$!
{
	archiveVersion = 1;
	classes = {
	};
	objectVersion = 46;
	objects = {

/* Begin PBXBuildFile section */
		843CA7CD1E410BA000FB742D /* OCMock in Resources */ = {isa = PBXBuildFile; fileRef = 843CA7CC1E410BA000FB742D /* OCMock */; };
		843CA7CE1E410BA000FB742D /* OCMock in Resources */ = {isa = PBXBuildFile; fileRef = 843CA7CC1E410BA000FB742D /* OCMock */; };
		8442ED491E35E915001A8381 /* CalculationManager.m in Sources */ = {isa = PBXBuildFile; fileRef = 8442ED481E35E915001A8381 /* CalculationManager.m */; };
		844DE8DC1E2E88D4009637C1 /* main.m in Sources */ = {isa = PBXBuildFile; fileRef = 844DE8DB1E2E88D4009637C1 /* main.m */; };
		844DE8DF1E2E88D4009637C1 /* AppDelegate.m in Sources */ = {isa = PBXBuildFile; fileRef = 844DE8DE1E2E88D4009637C1 /* AppDelegate.m */; };
		844DE8E21E2E88D4009637C1 /* ViewController.m in Sources */ = {isa = PBXBuildFile; fileRef = 844DE8E11E2E88D4009637C1 /* ViewController.m */; };
		844DE8E51E2E88D4009637C1 /* Main.storyboard in Resources */ = {isa = PBXBuildFile; fileRef = 844DE8E31E2E88D4009637C1 /* Main.storyboard */; };
		844DE8E71E2E88D4009637C1 /* Assets.xcassets in Resources */ = {isa = PBXBuildFile; fileRef = 844DE8E61E2E88D4009637C1 /* Assets.xcassets */; };
		844DE8EA1E2E88D4009637C1 /* LaunchScreen.storyboard in Resources */ = {isa = PBXBuildFile; fileRef = 844DE8E81E2E88D4009637C1 /* LaunchScreen.storyboard */; };
		844DE8F51E2E88D5009637C1 /* RPN_CalculatorTests.m in Sources */ = {isa = PBXBuildFile; fileRef = 844DE8F41E2E88D5009637C1 /* RPN_CalculatorTests.m */; };
		84FAEF1A1E3DD11100686E4F /* ErrorController.m in Sources */ = {isa = PBXBuildFile; fileRef = 84FAEF191E3DD11100686E4F /* ErrorController.m */; };
/* End PBXBuildFile section */

/* Begin PBXContainerItemProxy section */
		844DE8F11E2E88D5009637C1 /* PBXContainerItemProxy */ = {
			isa = PBXContainerItemProxy;
			containerPortal = 844DE8CF1E2E88D3009637C1 /* Project object */;
			proxyType = 1;
			remoteGlobalIDString = 844DE8D61E2E88D3009637C1;
			remoteInfo = "RPN Calculator";
		};
/* End PBXContainerItemProxy section */

/* Begin PBXFileReference section */
		843CA7CC1E410BA000FB742D /* OCMock */ = {isa = PBXFileReference; lastKnownFileType = folder; path = OCMock; sourceTree = "<group>"; };
		8442ED471E35E915001A8381 /* CalculationManager.h */ = {isa = PBXFileReference; fileEncoding = 4; lastKnownFileType = sourcecode.c.h; path = CalculationManager.h; sourceTree = "<group>"; };
		8442ED481E35E915001A8381 /* CalculationManager.m */ = {isa = PBXFileReference; fileEncoding = 4; lastKnownFileType = sourcecode.c.objc; path = CalculationManager.m; sourceTree = "<group>"; };
		844DE8D71E2E88D4009637C1 /* RPN Calculator.app */ = {isa = PBXFileReference; explicitFileType = wrapper.application; includeInIndex = 0; path = "RPN Calculator.app"; sourceTree = BUILT_PRODUCTS_DIR; };
		844DE8DB1E2E88D4009637C1 /* main.m */ = {isa = PBXFileReference; lastKnownFileType = sourcecode.c.objc; path = main.m; sourceTree = "<group>"; };
		844DE8DD1E2E88D4009637C1 /* AppDelegate.h */ = {isa = PBXFileReference; lastKnownFileType = sourcecode.c.h; path = AppDelegate.h; sourceTree = "<group>"; };
		844DE8DE1E2E88D4009637C1 /* AppDelegate.m */ = {isa = PBXFileReference; lastKnownFileType = sourcecode.c.objc; path = AppDelegate.m; sourceTree = "<group>"; };
		844DE8E01E2E88D4009637C1 /* ViewController.h */ = {isa = PBXFileReference; lastKnownFileType = sourcecode.c.h; path = ViewController.h; sourceTree = "<group>"; };
		844DE8E11E2E88D4009637C1 /* ViewController.m */ = {isa = PBXFileReference; lastKnownFileType = sourcecode.c.objc; path = ViewController.m; sourceTree = "<group>"; };
		844DE8E41E2E88D4009637C1 /* Base */ = {isa = PBXFileReference; lastKnownFileType = file.storyboard; name = Base; path = Base.lproj/Main.storyboard; sourceTree = "<group>"; };
		844DE8E61E2E88D4009637C1 /* Assets.xcassets */ = {isa = PBXFileReference; lastKnownFileType = folder.assetcatalog; path = Assets.xcassets; sourceTree = "<group>"; };
		844DE8E91E2E88D4009637C1 /* Base */ = {isa = PBXFileReference; lastKnownFileType = file.storyboard; name = Base; path = Base.lproj/LaunchScreen.storyboard; sourceTree = "<group>"; };
		844DE8EB1E2E88D4009637C1 /* Info.plist */ = {isa = PBXFileReference; lastKnownFileType = text.plist.xml; path = Info.plist; sourceTree = "<group>"; };
		844DE8F01E2E88D5009637C1 /* RPN CalculatorTests.xctest */ = {isa = PBXFileReference; explicitFileType = wrapper.cfbundle; includeInIndex = 0; path = "RPN CalculatorTests.xctest"; sourceTree = BUILT_PRODUCTS_DIR; };
		844DE8F41E2E88D5009637C1 /* RPN_CalculatorTests.m */ = {isa = PBXFileReference; lastKnownFileType = sourcecode.c.objc; path = RPN_CalculatorTests.m; sourceTree = "<group>"; };
		844DE8F61E2E88D5009637C1 /* Info.plist */ = {isa = PBXFileReference; lastKnownFileType = text.plist.xml; path = Info.plist; sourceTree = "<group>"; };
		84FAEF181E3DD11100686E4F /* ErrorController.h */ = {isa = PBXFileReference; fileEncoding = 4; lastKnownFileType = sourcecode.c.h; path = ErrorController.h; sourceTree = "<group>"; };
		84FAEF191E3DD11100686E4F /* ErrorController.m */ = {isa = PBXFileReference; fileEncoding = 4; lastKnownFileType = sourcecode.c.objc; path = ErrorController.m; sourceTree = "<group>"; };
/* End PBXFileReference section */

/* Begin PBXFrameworksBuildPhase section */
		844DE8D41E2E88D3009637C1 /* Frameworks */ = {
			isa = PBXFrameworksBuildPhase;
			buildActionMask = 2147483647;
			files = (
			);
			runOnlyForDeploymentPostprocessing = 0;
		};
		844DE8ED1E2E88D5009637C1 /* Frameworks */ = {
			isa = PBXFrameworksBuildPhase;
			buildActionMask = 2147483647;
			files = (
			);
			runOnlyForDeploymentPostprocessing = 0;
		};
/* End PBXFrameworksBuildPhase section */

/* Begin PBXGroup section */
		844DE8CE1E2E88D3009637C1 = {
			isa = PBXGroup;
			children = (
				844DE8D91E2E88D4009637C1 /* RPN Calculator */,
				844DE8F31E2E88D5009637C1 /* RPN CalculatorTests */,
				844DE8D81E2E88D4009637C1 /* Products */,
				843CA7CC1E410BA000FB742D /* OCMock */,
			);
			sourceTree = "<group>";
		};
		844DE8D81E2E88D4009637C1 /* Products */ = {
			isa = PBXGroup;
			children = (
				844DE8D71E2E88D4009637C1 /* RPN Calculator.app */,
				844DE8F01E2E88D5009637C1 /* RPN CalculatorTests.xctest */,
			);
			name = Products;
			sourceTree = "<group>";
		};
		844DE8D91E2E88D4009637C1 /* RPN Calculator */ = {
			isa = PBXGroup;
			children = (
				844DE8DD1E2E88D4009637C1 /* AppDelegate.h */,
				844DE8DE1E2E88D4009637C1 /* AppDelegate.m */,
				844DE8E01E2E88D4009637C1 /* ViewController.h */,
				844DE8E11E2E88D4009637C1 /* ViewController.m */,
				84FAEF181E3DD11100686E4F /* ErrorController.h */,
				84FAEF191E3DD11100686E4F /* ErrorController.m */,
				8442ED471E35E915001A8381 /* CalculationManager.h */,
				8442ED481E35E915001A8381 /* CalculationManager.m */,
				844DE8E31E2E88D4009637C1 /* Main.storyboard */,
				844DE8E61E2E88D4009637C1 /* Assets.xcassets */,
				844DE8E81E2E88D4009637C1 /* LaunchScreen.storyboard */,
				844DE8EB1E2E88D4009637C1 /* Info.plist */,
				844DE8DA1E2E88D4009637C1 /* Supporting Files */,
			);
			path = "RPN Calculator";
			sourceTree = "<group>";
		};
		844DE8DA1E2E88D4009637C1 /* Supporting Files */ = {
			isa = PBXGroup;
			children = (
				844DE8DB1E2E88D4009637C1 /* main.m */,
			);
			name = "Supporting Files";
			sourceTree = "<group>";
		};
		844DE8F31E2E88D5009637C1 /* RPN CalculatorTests */ = {
			isa = PBXGroup;
			children = (
				844DE8F41E2E88D5009637C1 /* RPN_CalculatorTests.m */,
				844DE8F61E2E88D5009637C1 /* Info.plist */,
			);
			path = "RPN CalculatorTests";
			sourceTree = "<group>";
		};
/* End PBXGroup section */

/* Begin PBXNativeTarget section */
		844DE8D61E2E88D3009637C1 /* RPN Calculator */ = {
			isa = PBXNativeTarget;
			buildConfigurationList = 844DE8F91E2E88D5009637C1 /* Build configuration list for PBXNativeTarget "RPN Calculator" */;
			buildPhases = (
				844DE8D31E2E88D3009637C1 /* Sources */,
				844DE8D41E2E88D3009637C1 /* Frameworks */,
				844DE8D51E2E88D3009637C1 /* Resources */,
			);
			buildRules = (
			);
			dependencies = (
			);
			name = "RPN Calculator";
			productName = "RPN Calculator";
			productReference = 844DE8D71E2E88D4009637C1 /* RPN Calculator.app */;
			productType = "com.apple.product-type.application";
		};
		844DE8EF1E2E88D5009637C1 /* RPN CalculatorTests */ = {
			isa = PBXNativeTarget;
			buildConfigurationList = 844DE8FC1E2E88D5009637C1 /* Build configuration list for PBXNativeTarget "RPN CalculatorTests" */;
			buildPhases = (
				844DE8EC1E2E88D5009637C1 /* Sources */,
				844DE8ED1E2E88D5009637C1 /* Frameworks */,
				844DE8EE1E2E88D5009637C1 /* Resources */,
			);
			buildRules = (
			);
			dependencies = (
				844DE8F21E2E88D5009637C1 /* PBXTargetDependency */,
			);
			name = "RPN CalculatorTests";
			productName = "RPN CalculatorTests";
			productReference = 844DE8F01E2E88D5009637C1 /* RPN CalculatorTests.xctest */;
			productType = "com.apple.product-type.bundle.unit-test";
		};
/* End PBXNativeTarget section */

/* Begin PBXProject section */
		844DE8CF1E2E88D3009637C1 /* Project object */ = {
			isa = PBXProject;
			attributes = {
				LastUpgradeCheck = 0820;
				ORGANIZATIONNAME = "Andrey Kuznetsov";
				TargetAttributes = {
					844DE8D61E2E88D3009637C1 = {
						CreatedOnToolsVersion = 8.2.1;
						ProvisioningStyle = Automatic;
					};
					844DE8EF1E2E88D5009637C1 = {
						CreatedOnToolsVersion = 8.2.1;
						ProvisioningStyle = Automatic;
						TestTargetID = 844DE8D61E2E88D3009637C1;
					};
				};
			};
			buildConfigurationList = 844DE8D21E2E88D3009637C1 /* Build configuration list for PBXProject "RPN Calculator" */;
			compatibilityVersion = "Xcode 3.2";
			developmentRegion = English;
			hasScannedForEncodings = 0;
			knownRegions = (
				en,
				Base,
			);
			mainGroup = 844DE8CE1E2E88D3009637C1;
			productRefGroup = 844DE8D81E2E88D4009637C1 /* Products */;
			projectDirPath = "";
			projectRoot = "";
			targets = (
				844DE8D61E2E88D3009637C1 /* RPN Calculator */,
				844DE8EF1E2E88D5009637C1 /* RPN CalculatorTests */,
			);
		};
/* End PBXProject section */

/* Begin PBXResourcesBuildPhase section */
		844DE8D51E2E88D3009637C1 /* Resources */ = {
			isa = PBXResourcesBuildPhase;
			buildActionMask = 2147483647;
			files = (
				844DE8EA1E2E88D4009637C1 /* LaunchScreen.storyboard in Resources */,
				844DE8E71E2E88D4009637C1 /* Assets.xcassets in Resources */,
				843CA7CD1E410BA000FB742D /* OCMock in Resources */,
				844DE8E51E2E88D4009637C1 /* Main.storyboard in Resources */,
			);
			runOnlyForDeploymentPostprocessing = 0;
		};
		844DE8EE1E2E88D5009637C1 /* Resources */ = {
			isa = PBXResourcesBuildPhase;
			buildActionMask = 2147483647;
			files = (
				843CA7CE1E410BA000FB742D /* OCMock in Resources */,
			);
			runOnlyForDeploymentPostprocessing = 0;
		};
/* End PBXResourcesBuildPhase section */

/* Begin PBXSourcesBuildPhase section */
		844DE8D31E2E88D3009637C1 /* Sources */ = {
			isa = PBXSourcesBuildPhase;
			buildActionMask = 2147483647;
			files = (
				844DE8E21E2E88D4009637C1 /* ViewController.m in Sources */,
				844DE8DF1E2E88D4009637C1 /* AppDelegate.m in Sources */,
				8442ED491E35E915001A8381 /* CalculationManager.m in Sources */,
				84FAEF1A1E3DD11100686E4F /* ErrorController.m in Sources */,
				844DE8DC1E2E88D4009637C1 /* main.m in Sources */,
			);
			runOnlyForDeploymentPostprocessing = 0;
		};
		844DE8EC1E2E88D5009637C1 /* Sources */ = {
			isa = PBXSourcesBuildPhase;
			buildActionMask = 2147483647;
			files = (
				844DE8F51E2E88D5009637C1 /* RPN_CalculatorTests.m in Sources */,
			);
			runOnlyForDeploymentPostprocessing = 0;
		};
/* End PBXSourcesBuildPhase section */

/* Begin PBXTargetDependency section */
		844DE8F21E2E88D5009637C1 /* PBXTargetDependency */ = {
			isa = PBXTargetDependency;
			target = 844DE8D61E2E88D3009637C1 /* RPN Calculator */;
			targetProxy = 844DE8F11E2E88D5009637C1 /* PBXContainerItemProxy */;
		};
/* End PBXTargetDependency section */

/* Begin PBXVariantGroup section */
		844DE8E31E2E88D4009637C1 /* Main.storyboard */ = {
			isa = PBXVariantGroup;
			children = (
				844DE8E41E2E88D4009637C1 /* Base */,
			);
			name = Main.storyboard;
			sourceTree = "<group>";
		};
		844DE8E81E2E88D4009637C1 /* LaunchScreen.storyboard */ = {
			isa = PBXVariantGroup;
			children = (
				844DE8E91E2E88D4009637C1 /* Base */,
			);
			name = LaunchScreen.storyboard;
			sourceTree = "<group>";
		};
/* End PBXVariantGroup section */

/* Begin XCBuildConfiguration section */
		844DE8F71E2E88D5009637C1 /* Debug */ = {
			isa = XCBuildConfiguration;
			buildSettings = {
				ALWAYS_SEARCH_USER_PATHS = NO;
				CLANG_ANALYZER_NONNULL = YES;
				CLANG_CXX_LANGUAGE_STANDARD = "gnu++0x";
				CLANG_CXX_LIBRARY = "libc++";
				CLANG_ENABLE_MODULES = YES;
				CLANG_ENABLE_OBJC_ARC = YES;
				CLANG_WARN_BOOL_CONVERSION = YES;
				CLANG_WARN_CONSTANT_CONVERSION = YES;
				CLANG_WARN_DIRECT_OBJC_ISA_USAGE = YES_ERROR;
				CLANG_WARN_DOCUMENTATION_COMMENTS = YES;
				CLANG_WARN_EMPTY_BODY = YES;
				CLANG_WARN_ENUM_CONVERSION = YES;
				CLANG_WARN_INFINITE_RECURSION = YES;
				CLANG_WARN_INT_CONVERSION = YES;
				CLANG_WARN_OBJC_ROOT_CLASS = YES_ERROR;
				CLANG_WARN_SUSPICIOUS_MOVE = YES;
				CLANG_WARN_UNREACHABLE_CODE = YES;
				CLANG_WARN__DUPLICATE_METHOD_MATCH = YES;
				"CODE_SIGN_IDENTITY[sdk=iphoneos*]" = "iPhone Developer";
				COPY_PHASE_STRIP = NO;
				DEBUG_INFORMATION_FORMAT = dwarf;
				ENABLE_STRICT_OBJC_MSGSEND = YES;
				ENABLE_TESTABILITY = YES;
				GCC_C_LANGUAGE_STANDARD = gnu99;
				GCC_DYNAMIC_NO_PIC = NO;
				GCC_NO_COMMON_BLOCKS = YES;
				GCC_OPTIMIZATION_LEVEL = 0;
				GCC_PREPROCESSOR_DEFINITIONS = (
					"DEBUG=1",
					"$(inherited)",
				);
				GCC_WARN_64_TO_32_BIT_CONVERSION = YES;
				GCC_WARN_ABOUT_RETURN_TYPE = YES_ERROR;
				GCC_WARN_UNDECLARED_SELECTOR = YES;
				GCC_WARN_UNINITIALIZED_AUTOS = YES_AGGRESSIVE;
				GCC_WARN_UNUSED_FUNCTION = YES;
				GCC_WARN_UNUSED_VARIABLE = YES;
				IPHONEOS_DEPLOYMENT_TARGET = 10.2;
				MTL_ENABLE_DEBUG_INFO = YES;
				ONLY_ACTIVE_ARCH = YES;
				SDKROOT = iphoneos;
			};
			name = Debug;
		};
		844DE8F81E2E88D5009637C1 /* Release */ = {
			isa = XCBuildConfiguration;
			buildSettings = {
				ALWAYS_SEARCH_USER_PATHS = NO;
				CLANG_ANALYZER_NONNULL = YES;
				CLANG_CXX_LANGUAGE_STANDARD = "gnu++0x";
				CLANG_CXX_LIBRARY = "libc++";
				CLANG_ENABLE_MODULES = YES;
				CLANG_ENABLE_OBJC_ARC = YES;
				CLANG_WARN_BOOL_CONVERSION = YES;
				CLANG_WARN_CONSTANT_CONVERSION = YES;
				CLANG_WARN_DIRECT_OBJC_ISA_USAGE = YES_ERROR;
				CLANG_WARN_DOCUMENTATION_COMMENTS = YES;
				CLANG_WARN_EMPTY_BODY = YES;
				CLANG_WARN_ENUM_CONVERSION = YES;
				CLANG_WARN_INFINITE_RECURSION = YES;
				CLANG_WARN_INT_CONVERSION = YES;
				CLANG_WARN_OBJC_ROOT_CLASS = YES_ERROR;
				CLANG_WARN_SUSPICIOUS_MOVE = YES;
				CLANG_WARN_UNREACHABLE_CODE = YES;
				CLANG_WARN__DUPLICATE_METHOD_MATCH = YES;
				"CODE_SIGN_IDENTITY[sdk=iphoneos*]" = "iPhone Developer";
				COPY_PHASE_STRIP = NO;
				DEBUG_INFORMATION_FORMAT = "dwarf-with-dsym";
				ENABLE_NS_ASSERTIONS = NO;
				ENABLE_STRICT_OBJC_MSGSEND = YES;
				GCC_C_LANGUAGE_STANDARD = gnu99;
				GCC_NO_COMMON_BLOCKS = YES;
				GCC_WARN_64_TO_32_BIT_CONVERSION = YES;
				GCC_WARN_ABOUT_RETURN_TYPE = YES_ERROR;
				GCC_WARN_UNDECLARED_SELECTOR = YES;
				GCC_WARN_UNINITIALIZED_AUTOS = YES_AGGRESSIVE;
				GCC_WARN_UNUSED_FUNCTION = YES;
				GCC_WARN_UNUSED_VARIABLE = YES;
				IPHONEOS_DEPLOYMENT_TARGET = 10.2;
				MTL_ENABLE_DEBUG_INFO = NO;
				SDKROOT = iphoneos;
				VALIDATE_PRODUCT = YES;
			};
			name = Release;
		};
		844DE8FA1E2E88D5009637C1 /* Debug */ = {
			isa = XCBuildConfiguration;
			buildSettings = {
				ASSETCATALOG_COMPILER_APPICON_NAME = AppIcon;
				INFOPLIST_FILE = "RPN Calculator/Info.plist";
				IPHONEOS_DEPLOYMENT_TARGET = 8.0;
				LD_RUNPATH_SEARCH_PATHS = "$(inherited) @executable_path/Frameworks";
				PRODUCT_BUNDLE_IDENTIFIER = "com.crxmx.RPN-Calculator";
				PRODUCT_NAME = "$(TARGET_NAME)";
				TARGETED_DEVICE_FAMILY = 1;
			};
			name = Debug;
		};
		844DE8FB1E2E88D5009637C1 /* Release */ = {
			isa = XCBuildConfiguration;
			buildSettings = {
				ASSETCATALOG_COMPILER_APPICON_NAME = AppIcon;
				INFOPLIST_FILE = "RPN Calculator/Info.plist";
				IPHONEOS_DEPLOYMENT_TARGET = 8.0;
				LD_RUNPATH_SEARCH_PATHS = "$(inherited) @executable_path/Frameworks";
				PRODUCT_BUNDLE_IDENTIFIER = "com.crxmx.RPN-Calculator";
				PRODUCT_NAME = "$(TARGET_NAME)";
				TARGETED_DEVICE_FAMILY = 1;
			};
			name = Release;
		};
		844DE8FD1E2E88D5009637C1 /* Debug */ = {
			isa = XCBuildConfiguration;
			buildSettings = {
				BUNDLE_LOADER = "$(TEST_HOST)";
				HEADER_SEARCH_PATHS = "$(PROJECT_DIR)/OCMock/OCMock";
				INFOPLIST_FILE = "RPN CalculatorTests/Info.plist";
				LD_RUNPATH_SEARCH_PATHS = "$(inherited) @executable_path/Frameworks @loader_path/Frameworks";
				LIBRARY_SEARCH_PATHS = (
					"$(inherited)",
					"$(PROJECT_DIR)/OCMock",
				);
				"OTHER_LDFLAGS[arch=*]" = "-ObjC";
				PRODUCT_BUNDLE_IDENTIFIER = "com.crxmx.RPN-CalculatorTests";
				PRODUCT_NAME = "$(TARGET_NAME)";
				TEST_HOST = "$(BUILT_PRODUCTS_DIR)/RPN Calculator.app/RPN Calculator";
			};
			name = Debug;
		};
		844DE8FE1E2E88D5009637C1 /* Release */ = {
			isa = XCBuildConfiguration;
			buildSettings = {
				BUNDLE_LOADER = "$(TEST_HOST)";
				HEADER_SEARCH_PATHS = "$(PROJECT_DIR)/OCMock/OCMock";
				INFOPLIST_FILE = "RPN CalculatorTests/Info.plist";
				LD_RUNPATH_SEARCH_PATHS = "$(inherited) @executable_path/Frameworks @loader_path/Frameworks";
				LIBRARY_SEARCH_PATHS = (
					"$(inherited)",
					"$(PROJECT_DIR)/OCMock",
				);
				PRODUCT_BUNDLE_IDENTIFIER = "com.crxmx.RPN-CalculatorTests";
				PRODUCT_NAME = "$(TARGET_NAME)";
				TEST_HOST = "$(BUILT_PRODUCTS_DIR)/RPN Calculator.app/RPN Calculator";
			};
			name = Release;
		};
/* End XCBuildConfiguration section */

/* Begin XCConfigurationList section */
		844DE8D21E2E88D3009637C1 /* Build configuration list for PBXProject "RPN Calculator" */ = {
			isa = XCConfigurationList;
			buildConfigurations = (
				844DE8F71E2E88D5009637C1 /* Debug */,
				844DE8F81E2E88D5009637C1 /* Release */,
			);
			defaultConfigurationIsVisible = 0;
			defaultConfigurationName = Release;
		};
		844DE8F91E2E88D5009637C1 /* Build configuration list for PBXNativeTarget "RPN Calculator" */ = {
			isa = XCConfigurationList;
			buildConfigurations = (
				844DE8FA1E2E88D5009637C1 /* Debug */,
				844DE8FB1E2E88D5009637C1 /* Release */,
			);
			defaultConfigurationIsVisible = 0;
			defaultConfigurationName = Release;
		};
		844DE8FC1E2E88D5009637C1 /* Build configuration list for PBXNativeTarget "RPN CalculatorTests" */ = {
			isa = XCConfigurationList;
			buildConfigurations = (
				844DE8FD1E2E88D5009637C1 /* Debug */,
				844DE8FE1E2E88D5009637C1 /* Release */,
			);
			defaultConfigurationIsVisible = 0;
			defaultConfigurationName = Release;
		};
/* End XCConfigurationList section */
	};
	rootObject = 844DE8CF1E2E88D3009637C1 /* Project object */;
}
